
Microsoft Visual Studio Solution File, Format Version 12.00
# Visual Studio Version 17
VisualStudioVersion = 17.7.34202.233
MinimumVisualStudioVersion = 10.0.40219.1
Project("{9A19103F-16F7-4668-BE54-9A1E7A4F7556}") = "DomaciUkol7_kalkulackaVerze6", "DomaciUkol7_kalkulackaVerze6.csproj", "{4E4F5A38-115A-4DB6-83AA-E809ECF3A7D0}"
EndProject
Global
	GlobalSection(SolutionConfigurationPlatforms) = preSolution
		Debug|Any CPU = Debug|Any CPU
		Release|Any CPU = Release|Any CPU
	EndGlobalSection
	GlobalSection(ProjectConfigurationPlatforms) = postSolution
		{4E4F5A38-115A-4DB6-83AA-E809ECF3A7D0}.Debug|Any CPU.ActiveCfg = Debug|Any CPU
		{4E4F5A38-115A-4DB6-83AA-E809ECF3A7D0}.Debug|Any CPU.Build.0 = Debug|Any CPU
		{4E4F5A38-115A-4DB6-83AA-E809ECF3A7D0}.Release|Any CPU.ActiveCfg = Release|Any CPU
		{4E4F5A38-115A-4DB6-83AA-E809ECF3A7D0}.Release|Any CPU.Build.0 = Release|Any CPU
	EndGlobalSection
	GlobalSection(SolutionProperties) = preSolution
		HideSolutionNode = FALSE
	EndGlobalSection
	GlobalSection(ExtensibilityGlobals) = postSolution
		SolutionGuid = {B6566255-1D7F-4FCC-A361-7AC0D5BDB881}
	EndGlobalSection
EndGlobal
